
Microsoft Visual Studio Solution File, Format Version 12.00
# Visual Studio Version 17
VisualStudioVersion = 17.5.33627.172
MinimumVisualStudioVersion = 10.0.40219.1
Project("{FAE04EC0-301F-11D3-BF4B-00C04F79EFBC}") = "O for Solid", "O for Solid\O for Solid.csproj", "{35093477-F78A-4845-BD10-5A24585BCBF5}"
EndProject
Global
	GlobalSection(SolutionConfigurationPlatforms) = preSolution
		Debug|Any CPU = Debug|Any CPU
		Release|Any CPU = Release|Any CPU
	EndGlobalSection
	GlobalSection(ProjectConfigurationPlatforms) = postSolution
		{35093477-F78A-4845-BD10-5A24585BCBF5}.Debug|Any CPU.ActiveCfg = Debug|Any CPU
		{35093477-F78A-4845-BD10-5A24585BCBF5}.Debug|Any CPU.Build.0 = Debug|Any CPU
		{35093477-F78A-4845-BD10-5A24585BCBF5}.Release|Any CPU.ActiveCfg = Release|Any CPU
		{35093477-F78A-4845-BD10-5A24585BCBF5}.Release|Any CPU.Build.0 = Release|Any CPU
	EndGlobalSection
	GlobalSection(SolutionProperties) = preSolution
		HideSolutionNode = FALSE
	EndGlobalSection
	GlobalSection(ExtensibilityGlobals) = postSolution
		SolutionGuid = {A81A6C24-06BB-48A9-8111-F492918E21EB}
	EndGlobalSection
EndGlobal
